
Microsoft Visual Studio Solution File, Format Version 12.00
# Visual Studio Version 16
VisualStudioVersion = 16.0.30225.117
MinimumVisualStudioVersion = 10.0.40219.1
Project("{FAE04EC0-301F-11D3-BF4B-00C04F79EFBC}") = "ShopBridge", "ShopBridge.csproj", "{F139EB4B-223D-4BC1-9275-A85269DAC022}"
EndProject
Global
	GlobalSection(SolutionConfigurationPlatforms) = preSolution
		Debug|Any CPU = Debug|Any CPU
		Release|Any CPU = Release|Any CPU
	EndGlobalSection
	GlobalSection(ProjectConfigurationPlatforms) = postSolution
		{F139EB4B-223D-4BC1-9275-A85269DAC022}.Debug|Any CPU.ActiveCfg = Debug|Any CPU
		{F139EB4B-223D-4BC1-9275-A85269DAC022}.Debug|Any CPU.Build.0 = Debug|Any CPU
		{F139EB4B-223D-4BC1-9275-A85269DAC022}.Release|Any CPU.ActiveCfg = Release|Any CPU
		{F139EB4B-223D-4BC1-9275-A85269DAC022}.Release|Any CPU.Build.0 = Release|Any CPU
	EndGlobalSection
	GlobalSection(SolutionProperties) = preSolution
		HideSolutionNode = FALSE
	EndGlobalSection
	GlobalSection(ExtensibilityGlobals) = postSolution
		SolutionGuid = {541622E6-BFB0-47F5-87EC-7FA7A3E31F06}
	EndGlobalSection
EndGlobal
